
Microsoft Visual Studio Solution File, Format Version 12.00
# Visual Studio 2012
Project("{FAE04EC0-301F-11D3-BF4B-00C04F79EFBC}") = "quicktype-vsmac", "quicktype-vsmac\quicktype-vsmac.csproj", "{EE633A8F-D415-4D9D-92B9-62A7D16C38D7}"
EndProject
Global
	GlobalSection(SolutionConfigurationPlatforms) = preSolution
		Debug|Any CPU = Debug|Any CPU
		Release|Any CPU = Release|Any CPU
	EndGlobalSection
	GlobalSection(ProjectConfigurationPlatforms) = postSolution
		{EE633A8F-D415-4D9D-92B9-62A7D16C38D7}.Debug|Any CPU.ActiveCfg = Debug|Any CPU
		{EE633A8F-D415-4D9D-92B9-62A7D16C38D7}.Debug|Any CPU.Build.0 = Debug|Any CPU
		{EE633A8F-D415-4D9D-92B9-62A7D16C38D7}.Release|Any CPU.ActiveCfg = Release|Any CPU
		{EE633A8F-D415-4D9D-92B9-62A7D16C38D7}.Release|Any CPU.Build.0 = Release|Any CPU
	EndGlobalSection
EndGlobal
